
Microsoft Visual Studio Solution File, Format Version 12.00
# Visual Studio Version 16
VisualStudioVersion = 16.0.30413.136
MinimumVisualStudioVersion = 10.0.40219.1
Project("{FAE04EC0-301F-11D3-BF4B-00C04F79EFBC}") = "Twenty-One", "Twenty-One\Twenty-One.csproj", "{F91E5EAA-6761-4BB7-BFF0-C0A17C669E5F}"
EndProject
Global
	GlobalSection(SolutionConfigurationPlatforms) = preSolution
		Debug|Any CPU = Debug|Any CPU
		Release|Any CPU = Release|Any CPU
	EndGlobalSection
	GlobalSection(ProjectConfigurationPlatforms) = postSolution
		{F91E5EAA-6761-4BB7-BFF0-C0A17C669E5F}.Debug|Any CPU.ActiveCfg = Debug|Any CPU
		{F91E5EAA-6761-4BB7-BFF0-C0A17C669E5F}.Debug|Any CPU.Build.0 = Debug|Any CPU
		{F91E5EAA-6761-4BB7-BFF0-C0A17C669E5F}.Release|Any CPU.ActiveCfg = Release|Any CPU
		{F91E5EAA-6761-4BB7-BFF0-C0A17C669E5F}.Release|Any CPU.Build.0 = Release|Any CPU
	EndGlobalSection
	GlobalSection(SolutionProperties) = preSolution
		HideSolutionNode = FALSE
	EndGlobalSection
	GlobalSection(ExtensibilityGlobals) = postSolution
		SolutionGuid = {B61DC9A4-C3C0-46D9-B035-BA1468AA108C}
	EndGlobalSection
EndGlobal
